{
  "name": "pcea_backend",
  "version": "1.0.0",
  "lockfileVersion": 3,
  "requires": true,
  "packages": {
    "": {
      "name": "pcea_backend",
      "version": "1.0.0",
      "license": "MIT",
      "dependencies": {
        "pcea_backend": "file:"
      }
    },
    "node_modules/pcea_backend": {
      "resolved": "",
      "link": true
    }
  }
}
